// !$*UTF8*$!
{
	archiveVersion = 1;
	classes = {
	};
	objectVersion = 46;
	objects = {

/* Begin PBXBuildFile section */
		6205167D1BF42F4B000375D6 /* libsqlite3.tbd in Frameworks */ = {isa = PBXBuildFile; fileRef = 620516711BF42F4B000375D6 /* libsqlite3.tbd */; };
		6205167E1BF42F4B000375D6 /* libz.tbd in Frameworks */ = {isa = PBXBuildFile; fileRef = 620516721BF42F4B000375D6 /* libz.tbd */; };
		6205167F1BF42F4B000375D6 /* AssetsLibrary.framework in Frameworks */ = {isa = PBXBuildFile; fileRef = 620516731BF42F4B000375D6 /* AssetsLibrary.framework */; };
		620516801BF42F4B000375D6 /* AdSupport.framework in Frameworks */ = {isa = PBXBuildFile; fileRef = 620516741BF42F4B000375D6 /* AdSupport.framework */; };
		620516811BF42F4B000375D6 /* MessageUI.framework in Frameworks */ = {isa = PBXBuildFile; fileRef = 620516751BF42F4B000375D6 /* MessageUI.framework */; };
		620516821BF42F4B000375D6 /* UIKit.framework in Frameworks */ = {isa = PBXBuildFile; fileRef = 620516761BF42F4B000375D6 /* UIKit.framework */; };
		620516831BF42F4B000375D6 /* Foundation.framework in Frameworks */ = {isa = PBXBuildFile; fileRef = 620516771BF42F4B000375D6 /* Foundation.framework */; };
		620516841BF42F4B000375D6 /* CoreGraphics.framework in Frameworks */ = {isa = PBXBuildFile; fileRef = 620516781BF42F4B000375D6 /* CoreGraphics.framework */; };
		620516851BF42F4B000375D6 /* QuartzCore.framework in Frameworks */ = {isa = PBXBuildFile; fileRef = 620516791BF42F4B000375D6 /* QuartzCore.framework */; };
		620516861BF42F4B000375D6 /* SystemConfiguration.framework in Frameworks */ = {isa = PBXBuildFile; fileRef = 6205167A1BF42F4B000375D6 /* SystemConfiguration.framework */; };
		620516871BF42F4B000375D6 /* AddressBook.framework in Frameworks */ = {isa = PBXBuildFile; fileRef = 6205167B1BF42F4B000375D6 /* AddressBook.framework */; };
		620516881BF42F4B000375D6 /* CoreTelephony.framework in Frameworks */ = {isa = PBXBuildFile; fileRef = 6205167C1BF42F4B000375D6 /* CoreTelephony.framework */; };
		6205168B1BF42FA2000375D6 /* QuickUnifyPlatform.framework in Frameworks */ = {isa = PBXBuildFile; fileRef = 6205168A1BF42FA2000375D6 /* QuickUnifyPlatform.framework */; };
		6205168C1BF430A5000375D6 /* ATSMS.framework in Frameworks */ = {isa = PBXBuildFile; fileRef = 664FB2B01BE72BD90017FD50 /* ATSMS.framework */; };
		6205168D1BF430A5000375D6 /* Encrypt.framework in Frameworks */ = {isa = PBXBuildFile; fileRef = 664FB2B11BE72BD90017FD50 /* Encrypt.framework */; };
		6205168E1BF430A5000375D6 /* Log.framework in Frameworks */ = {isa = PBXBuildFile; fileRef = 664FB2B21BE72BD90017FD50 /* Log.framework */; };
		6205168F1BF430A5000375D6 /* NDJSON.framework in Frameworks */ = {isa = PBXBuildFile; fileRef = 664FB2B31BE72BD90017FD50 /* NDJSON.framework */; };
		620516901BF430A5000375D6 /* NDUtility.framework in Frameworks */ = {isa = PBXBuildFile; fileRef = 664FB2B41BE72BD90017FD50 /* NDUtility.framework */; };
		620516911BF430A5000375D6 /* NetEngine.framework in Frameworks */ = {isa = PBXBuildFile; fileRef = 664FB2B51BE72BD90017FD50 /* NetEngine.framework */; };
		620516921BF430AB000375D6 /* NdComPlatform.framework in Frameworks */ = {isa = PBXBuildFile; fileRef = 664FB2B61BE72BD90017FD50 /* NdComPlatform.framework */; };
		620516931BF430AB000375D6 /* NdComPlatformInt.framework in Frameworks */ = {isa = PBXBuildFile; fileRef = 664FB2B71BE72BD90017FD50 /* NdComPlatformInt.framework */; };
		620516951BF431A2000375D6 /* libstdc++.tbd in Frameworks */ = {isa = PBXBuildFile; fileRef = 620516941BF431A2000375D6 /* libstdc++.tbd */; };
		628443141BFB2824001A079F /* Icon1.png in Resources */ = {isa = PBXBuildFile; fileRef = 628443101BFB2824001A079F /* Icon1.png */; };
		628443151BFB2824001A079F /* Icon2.png in Resources */ = {isa = PBXBuildFile; fileRef = 628443111BFB2824001A079F /* Icon2.png */; };
		628443161BFB2824001A079F /* Icon3.png in Resources */ = {isa = PBXBuildFile; fileRef = 628443121BFB2824001A079F /* Icon3.png */; };
		628443171BFB2824001A079F /* Icon4.png in Resources */ = {isa = PBXBuildFile; fileRef = 628443131BFB2824001A079F /* Icon4.png */; };
		661AC38C1BE0A12400DCBFAA /* AppDelegate.m in Sources */ = {isa = PBXBuildFile; fileRef = 661AC2B31BE0A12300DCBFAA /* AppDelegate.m */; };
		661AC38D1BE0A12400DCBFAA /* Images.xcassets in Resources */ = {isa = PBXBuildFile; fileRef = 661AC2B41BE0A12300DCBFAA /* Images.xcassets */; };
		661AC38E1BE0A12400DCBFAA /* LaunchScreen.xib in Resources */ = {isa = PBXBuildFile; fileRef = 661AC2B51BE0A12300DCBFAA /* LaunchScreen.xib */; };
		661AC38F1BE0A12400DCBFAA /* main.m in Sources */ = {isa = PBXBuildFile; fileRef = 661AC2B61BE0A12300DCBFAA /* main.m */; };
		661AC3901BE0A12400DCBFAA /* Main.storyboard in Resources */ = {isa = PBXBuildFile; fileRef = 661AC2B71BE0A12300DCBFAA /* Main.storyboard */; };
		661AC3911BE0A12400DCBFAA /* ViewController.m in Sources */ = {isa = PBXBuildFile; fileRef = 661AC2B91BE0A12300DCBFAA /* ViewController.m */; };
		664FB2BA1BE72BD90017FD50 /* QuickManifest.plist in Resources */ = {isa = PBXBuildFile; fileRef = 664FB2AB1BE72BD90017FD50 /* QuickManifest.plist */; };
		664FB2C31BE72BD90017FD50 /* NdComPlatform_SNS_Resources.bundle in Resources */ = {isa = PBXBuildFile; fileRef = 664FB2B81BE72BD90017FD50 /* NdComPlatform_SNS_Resources.bundle */; };
/* End PBXBuildFile section */

/* Begin PBXCopyFilesBuildPhase section */
		661AC3A51BE0A2E800DCBFAA /* Embed Frameworks */ = {
			isa = PBXCopyFilesBuildPhase;
			buildActionMask = 2147483647;
			dstPath = "";
			dstSubfolderSpec = 10;
			files = (
			);
			name = "Embed Frameworks";
			runOnlyForDeploymentPostprocessing = 0;
		};
/* End PBXCopyFilesBuildPhase section */

/* Begin PBXFileReference section */
		620516711BF42F4B000375D6 /* libsqlite3.tbd */ = {isa = PBXFileReference; lastKnownFileType = "sourcecode.text-based-dylib-definition"; name = libsqlite3.tbd; path = usr/lib/libsqlite3.tbd; sourceTree = SDKROOT; };
		620516721BF42F4B000375D6 /* libz.tbd */ = {isa = PBXFileReference; lastKnownFileType = "sourcecode.text-based-dylib-definition"; name = libz.tbd; path = usr/lib/libz.tbd; sourceTree = SDKROOT; };
		620516731BF42F4B000375D6 /* AssetsLibrary.framework */ = {isa = PBXFileReference; lastKnownFileType = wrapper.framework; name = AssetsLibrary.framework; path = System/Library/Frameworks/AssetsLibrary.framework; sourceTree = SDKROOT; };
		620516741BF42F4B000375D6 /* AdSupport.framework */ = {isa = PBXFileReference; lastKnownFileType = wrapper.framework; name = AdSupport.framework; path = System/Library/Frameworks/AdSupport.framework; sourceTree = SDKROOT; };
		620516751BF42F4B000375D6 /* MessageUI.framework */ = {isa = PBXFileReference; lastKnownFileType = wrapper.framework; name = MessageUI.framework; path = System/Library/Frameworks/MessageUI.framework; sourceTree = SDKROOT; };
		620516761BF42F4B000375D6 /* UIKit.framework */ = {isa = PBXFileReference; lastKnownFileType = wrapper.framework; name = UIKit.framework; path = System/Library/Frameworks/UIKit.framework; sourceTree = SDKROOT; };
		620516771BF42F4B000375D6 /* Foundation.framework */ = {isa = PBXFileReference; lastKnownFileType = wrapper.framework; name = Foundation.framework; path = System/Library/Frameworks/Foundation.framework; sourceTree = SDKROOT; };
		620516781BF42F4B000375D6 /* CoreGraphics.framework */ = {isa = PBXFileReference; lastKnownFileType = wrapper.framework; name = CoreGraphics.framework; path = System/Library/Frameworks/CoreGraphics.framework; sourceTree = SDKROOT; };
		620516791BF42F4B000375D6 /* QuartzCore.framework */ = {isa = PBXFileReference; lastKnownFileType = wrapper.framework; name = QuartzCore.framework; path = System/Library/Frameworks/QuartzCore.framework; sourceTree = SDKROOT; };
		6205167A1BF42F4B000375D6 /* SystemConfiguration.framework */ = {isa = PBXFileReference; lastKnownFileType = wrapper.framework; name = SystemConfiguration.framework; path = System/Library/Frameworks/SystemConfiguration.framework; sourceTree = SDKROOT; };
		6205167B1BF42F4B000375D6 /* AddressBook.framework */ = {isa = PBXFileReference; lastKnownFileType = wrapper.framework; name = AddressBook.framework; path = System/Library/Frameworks/AddressBook.framework; sourceTree = SDKROOT; };
		6205167C1BF42F4B000375D6 /* CoreTelephony.framework */ = {isa = PBXFileReference; lastKnownFileType = wrapper.framework; name = CoreTelephony.framework; path = System/Library/Frameworks/CoreTelephony.framework; sourceTree = SDKROOT; };
		6205168A1BF42FA2000375D6 /* QuickUnifyPlatform.framework */ = {isa = PBXFileReference; lastKnownFileType = wrapper.framework; path = QuickUnifyPlatform.framework; sourceTree = "<group>"; };
		620516941BF431A2000375D6 /* libstdc++.tbd */ = {isa = PBXFileReference; lastKnownFileType = "sourcecode.text-based-dylib-definition"; name = "libstdc++.tbd"; path = "usr/lib/libstdc++.tbd"; sourceTree = SDKROOT; };
		628443101BFB2824001A079F /* Icon1.png */ = {isa = PBXFileReference; lastKnownFileType = image.png; path = Icon1.png; sourceTree = "<group>"; };
		628443111BFB2824001A079F /* Icon2.png */ = {isa = PBXFileReference; lastKnownFileType = image.png; path = Icon2.png; sourceTree = "<group>"; };
		628443121BFB2824001A079F /* Icon3.png */ = {isa = PBXFileReference; lastKnownFileType = image.png; path = Icon3.png; sourceTree = "<group>"; };
		628443131BFB2824001A079F /* Icon4.png */ = {isa = PBXFileReference; lastKnownFileType = image.png; path = Icon4.png; sourceTree = "<group>"; };
		661AC06A1BE0A10900DCBFAA /* QuickUnifyPlatformDemo.app */ = {isa = PBXFileReference; explicitFileType = wrapper.application; includeInIndex = 0; path = QuickUnifyPlatformDemo.app; sourceTree = BUILT_PRODUCTS_DIR; };
		661AC07E1BE0A10900DCBFAA /* Info.plist */ = {isa = PBXFileReference; lastKnownFileType = text.plist.xml; path = Info.plist; sourceTree = "<group>"; };
		661AC2B21BE0A12300DCBFAA /* AppDelegate.h */ = {isa = PBXFileReference; fileEncoding = 4; lastKnownFileType = sourcecode.c.h; path = AppDelegate.h; sourceTree = "<group>"; };
		661AC2B31BE0A12300DCBFAA /* AppDelegate.m */ = {isa = PBXFileReference; fileEncoding = 4; lastKnownFileType = sourcecode.c.objc; path = AppDelegate.m; sourceTree = "<group>"; };
		661AC2B41BE0A12300DCBFAA /* Images.xcassets */ = {isa = PBXFileReference; lastKnownFileType = folder.assetcatalog; path = Images.xcassets; sourceTree = "<group>"; };
		661AC2B51BE0A12300DCBFAA /* LaunchScreen.xib */ = {isa = PBXFileReference; fileEncoding = 4; lastKnownFileType = file.xib; path = LaunchScreen.xib; sourceTree = "<group>"; };
		661AC2B61BE0A12300DCBFAA /* main.m */ = {isa = PBXFileReference; fileEncoding = 4; lastKnownFileType = sourcecode.c.objc; path = main.m; sourceTree = "<group>"; };
		661AC2B71BE0A12300DCBFAA /* Main.storyboard */ = {isa = PBXFileReference; fileEncoding = 4; lastKnownFileType = file.storyboard; path = Main.storyboard; sourceTree = "<group>"; };
		661AC2B81BE0A12300DCBFAA /* ViewController.h */ = {isa = PBXFileReference; fileEncoding = 4; lastKnownFileType = sourcecode.c.h; path = ViewController.h; sourceTree = "<group>"; };
		661AC2B91BE0A12300DCBFAA /* ViewController.m */ = {isa = PBXFileReference; fileEncoding = 4; lastKnownFileType = sourcecode.c.objc; path = ViewController.m; sourceTree = "<group>"; };
		664FB2AB1BE72BD90017FD50 /* QuickManifest.plist */ = {isa = PBXFileReference; fileEncoding = 4; lastKnownFileType = text.plist.xml; path = QuickManifest.plist; sourceTree = "<group>"; };
		664FB2B01BE72BD90017FD50 /* ATSMS.framework */ = {isa = PBXFileReference; lastKnownFileType = wrapper.framework; path = ATSMS.framework; sourceTree = "<group>"; };
		664FB2B11BE72BD90017FD50 /* Encrypt.framework */ = {isa = PBXFileReference; lastKnownFileType = wrapper.framework; path = Encrypt.framework; sourceTree = "<group>"; };
		664FB2B21BE72BD90017FD50 /* Log.framework */ = {isa = PBXFileReference; lastKnownFileType = wrapper.framework; path = Log.framework; sourceTree = "<group>"; };
		664FB2B31BE72BD90017FD50 /* NDJSON.framework */ = {isa = PBXFileReference; lastKnownFileType = wrapper.framework; path = NDJSON.framework; sourceTree = "<group>"; };
		664FB2B41BE72BD90017FD50 /* NDUtility.framework */ = {isa = PBXFileReference; lastKnownFileType = wrapper.framework; path = NDUtility.framework; sourceTree = "<group>"; };
		664FB2B51BE72BD90017FD50 /* NetEngine.framework */ = {isa = PBXFileReference; lastKnownFileType = wrapper.framework; path = NetEngine.framework; sourceTree = "<group>"; };
		664FB2B61BE72BD90017FD50 /* NdComPlatform.framework */ = {isa = PBXFileReference; lastKnownFileType = wrapper.framework; path = NdComPlatform.framework; sourceTree = "<group>"; };
		664FB2B71BE72BD90017FD50 /* NdComPlatformInt.framework */ = {isa = PBXFileReference; lastKnownFileType = wrapper.framework; path = NdComPlatformInt.framework; sourceTree = "<group>"; };
		664FB2B81BE72BD90017FD50 /* NdComPlatform_SNS_Resources.bundle */ = {isa = PBXFileReference; lastKnownFileType = "wrapper.plug-in"; path = NdComPlatform_SNS_Resources.bundle; sourceTree = "<group>"; };
/* End PBXFileReference section */

/* Begin PBXFrameworksBuildPhase section */
		661AC0671BE0A10900DCBFAA /* Frameworks */ = {
			isa = PBXFrameworksBuildPhase;
			buildActionMask = 2147483647;
			files = (
				620516951BF431A2000375D6 /* libstdc++.tbd in Frameworks */,
				620516921BF430AB000375D6 /* NdComPlatform.framework in Frameworks */,
				620516931BF430AB000375D6 /* NdComPlatformInt.framework in Frameworks */,
				6205168C1BF430A5000375D6 /* ATSMS.framework in Frameworks */,
				6205168D1BF430A5000375D6 /* Encrypt.framework in Frameworks */,
				6205168E1BF430A5000375D6 /* Log.framework in Frameworks */,
				6205168F1BF430A5000375D6 /* NDJSON.framework in Frameworks */,
				620516901BF430A5000375D6 /* NDUtility.framework in Frameworks */,
				620516911BF430A5000375D6 /* NetEngine.framework in Frameworks */,
				6205168B1BF42FA2000375D6 /* QuickUnifyPlatform.framework in Frameworks */,
				6205167D1BF42F4B000375D6 /* libsqlite3.tbd in Frameworks */,
				6205167E1BF42F4B000375D6 /* libz.tbd in Frameworks */,
				6205167F1BF42F4B000375D6 /* AssetsLibrary.framework in Frameworks */,
				620516801BF42F4B000375D6 /* AdSupport.framework in Frameworks */,
				620516811BF42F4B000375D6 /* MessageUI.framework in Frameworks */,
				620516821BF42F4B000375D6 /* UIKit.framework in Frameworks */,
				620516831BF42F4B000375D6 /* Foundation.framework in Frameworks */,
				620516841BF42F4B000375D6 /* CoreGraphics.framework in Frameworks */,
				620516851BF42F4B000375D6 /* QuartzCore.framework in Frameworks */,
				620516861BF42F4B000375D6 /* SystemConfiguration.framework in Frameworks */,
				620516871BF42F4B000375D6 /* AddressBook.framework in Frameworks */,
				620516881BF42F4B000375D6 /* CoreTelephony.framework in Frameworks */,
			);
			runOnlyForDeploymentPostprocessing = 0;
		};
/* End PBXFrameworksBuildPhase section */

/* Begin PBXGroup section */
		620516701BF42EE9000375D6 /* Frameworks */ = {
			isa = PBXGroup;
			children = (
				620516941BF431A2000375D6 /* libstdc++.tbd */,
				620516711BF42F4B000375D6 /* libsqlite3.tbd */,
				620516721BF42F4B000375D6 /* libz.tbd */,
				620516731BF42F4B000375D6 /* AssetsLibrary.framework */,
				620516741BF42F4B000375D6 /* AdSupport.framework */,
				620516751BF42F4B000375D6 /* MessageUI.framework */,
				620516761BF42F4B000375D6 /* UIKit.framework */,
				620516771BF42F4B000375D6 /* Foundation.framework */,
				620516781BF42F4B000375D6 /* CoreGraphics.framework */,
				620516791BF42F4B000375D6 /* QuartzCore.framework */,
				6205167A1BF42F4B000375D6 /* SystemConfiguration.framework */,
				6205167B1BF42F4B000375D6 /* AddressBook.framework */,
				6205167C1BF42F4B000375D6 /* CoreTelephony.framework */,
			);
			name = Frameworks;
			sourceTree = "<group>";
		};
		620516891BF42F83000375D6 /* SYFramework */ = {
			isa = PBXGroup;
			children = (
				6205168A1BF42FA2000375D6 /* QuickUnifyPlatform.framework */,
			);
			path = SYFramework;
			sourceTree = "<group>";
		};
		6284430F1BFB2824001A079F /* Resource */ = {
			isa = PBXGroup;
			children = (
				628443101BFB2824001A079F /* Icon1.png */,
				628443111BFB2824001A079F /* Icon2.png */,
				628443121BFB2824001A079F /* Icon3.png */,
				628443131BFB2824001A079F /* Icon4.png */,
			);
			path = Resource;
			sourceTree = "<group>";
		};
		661AC0611BE0A10900DCBFAA = {
			isa = PBXGroup;
			children = (
				661AC06C1BE0A10900DCBFAA /* QuickUnifyPlatformDemo */,
				661AC06B1BE0A10900DCBFAA /* Products */,
			);
			sourceTree = "<group>";
		};
		661AC06B1BE0A10900DCBFAA /* Products */ = {
			isa = PBXGroup;
			children = (
				661AC06A1BE0A10900DCBFAA /* QuickUnifyPlatformDemo.app */,
			);
			name = Products;
			sourceTree = "<group>";
		};
		661AC06C1BE0A10900DCBFAA /* QuickUnifyPlatformDemo */ = {
			isa = PBXGroup;
			children = (
				620516701BF42EE9000375D6 /* Frameworks */,
				661AC0841BE0A12200DCBFAA /* Common */,
				661AC07E1BE0A10900DCBFAA /* Info.plist */,
				661AC06D1BE0A10900DCBFAA /* Supporting Files */,
			);
			path = QuickUnifyPlatformDemo;
			sourceTree = "<group>";
		};
		661AC06D1BE0A10900DCBFAA /* Supporting Files */ = {
			isa = PBXGroup;
			children = (
			);
			name = "Supporting Files";
			sourceTree = "<group>";
		};
		661AC0841BE0A12200DCBFAA /* Common */ = {
			isa = PBXGroup;
			children = (
				661AC0851BE0A12200DCBFAA /* SDK */,
				661AC2B01BE0A12300DCBFAA /* Source */,
			);
			name = Common;
			path = ../../../../Common;
			sourceTree = "<group>";
		};
		661AC0851BE0A12200DCBFAA /* SDK */ = {
			isa = PBXGroup;
			children = (
				661AC0861BE0A12200DCBFAA /* Framework */,
				661AC0871BE0A12200DCBFAA /* Platform */,
			);
			path = SDK;
			sourceTree = "<group>";
		};
		661AC0861BE0A12200DCBFAA /* Framework */ = {
			isa = PBXGroup;
			children = (
			);
			path = Framework;
			sourceTree = "<group>";
		};
		661AC0871BE0A12200DCBFAA /* Platform */ = {
			isa = PBXGroup;
			children = (
				664FB2A81BE72BD90017FD50 /* BAIDUSDK */,
			);
			path = Platform;
			sourceTree = "<group>";
		};
		661AC2B01BE0A12300DCBFAA /* Source */ = {
			isa = PBXGroup;
			children = (
				661AC2B11BE0A12300DCBFAA /* Demo */,
			);
			path = Source;
			sourceTree = "<group>";
		};
		661AC2B11BE0A12300DCBFAA /* Demo */ = {
			isa = PBXGroup;
			children = (
				661AC2B21BE0A12300DCBFAA /* AppDelegate.h */,
				661AC2B31BE0A12300DCBFAA /* AppDelegate.m */,
				661AC2B41BE0A12300DCBFAA /* Images.xcassets */,
				661AC2B51BE0A12300DCBFAA /* LaunchScreen.xib */,
				661AC2B61BE0A12300DCBFAA /* main.m */,
				661AC2B71BE0A12300DCBFAA /* Main.storyboard */,
				661AC2B81BE0A12300DCBFAA /* ViewController.h */,
				661AC2B91BE0A12300DCBFAA /* ViewController.m */,
			);
			path = Demo;
			sourceTree = "<group>";
		};
		664FB2A81BE72BD90017FD50 /* BAIDUSDK */ = {
			isa = PBXGroup;
			children = (
				620516891BF42F83000375D6 /* SYFramework */,
				664FB2AA1BE72BD90017FD50 /* Plist */,
				664FB2AC1BE72BD90017FD50 /* SDKSource */,
			);
			path = BAIDUSDK;
			sourceTree = "<group>";
		};
		664FB2AA1BE72BD90017FD50 /* Plist */ = {
			isa = PBXGroup;
			children = (
				664FB2AB1BE72BD90017FD50 /* QuickManifest.plist */,
			);
			path = Plist;
			sourceTree = "<group>";
		};
		664FB2AC1BE72BD90017FD50 /* SDKSource */ = {
			isa = PBXGroup;
			children = (
				6284430F1BFB2824001A079F /* Resource */,
				664FB2AD1BE72BD90017FD50 /* SDKFinal */,
			);
			path = SDKSource;
			sourceTree = "<group>";
		};
		664FB2AD1BE72BD90017FD50 /* SDKFinal */ = {
			isa = PBXGroup;
			children = (
				664FB2AE1BE72BD90017FD50 /* framework5 */,
				664FB2B81BE72BD90017FD50 /* NdComPlatform_SNS_Resources.bundle */,
			);
			path = SDKFinal;
			sourceTree = "<group>";
		};
		664FB2AE1BE72BD90017FD50 /* framework5 */ = {
			isa = PBXGroup;
			children = (
				664FB2AF1BE72BD90017FD50 /* framework */,
				664FB2B61BE72BD90017FD50 /* NdComPlatform.framework */,
				664FB2B71BE72BD90017FD50 /* NdComPlatformInt.framework */,
			);
			path = framework5;
			sourceTree = "<group>";
		};
		664FB2AF1BE72BD90017FD50 /* framework */ = {
			isa = PBXGroup;
			children = (
				664FB2B01BE72BD90017FD50 /* ATSMS.framework */,
				664FB2B11BE72BD90017FD50 /* Encrypt.framework */,
				664FB2B21BE72BD90017FD50 /* Log.framework */,
				664FB2B31BE72BD90017FD50 /* NDJSON.framework */,
				664FB2B41BE72BD90017FD50 /* NDUtility.framework */,
				664FB2B51BE72BD90017FD50 /* NetEngine.framework */,
			);
			path = framework;
			sourceTree = "<group>";
		};
/* End PBXGroup section */

/* Begin PBXNativeTarget section */
		661AC0691BE0A10900DCBFAA /* QuickUnifyPlatformDemo */ = {
			isa = PBXNativeTarget;
			buildConfigurationList = 661AC0811BE0A10900DCBFAA /* Build configuration list for PBXNativeTarget "QuickUnifyPlatformDemo" */;
			buildPhases = (
				661AC0661BE0A10900DCBFAA /* Sources */,
				661AC0671BE0A10900DCBFAA /* Frameworks */,
				661AC0681BE0A10900DCBFAA /* Resources */,
				661AC3A51BE0A2E800DCBFAA /* Embed Frameworks */,
			);
			buildRules = (
			);
			dependencies = (
			);
			name = QuickUnifyPlatformDemo;
			productName = QuickUnifyPlatformDemo;
			productReference = 661AC06A1BE0A10900DCBFAA /* QuickUnifyPlatformDemo.app */;
			productType = "com.apple.product-type.application";
		};
/* End PBXNativeTarget section */

/* Begin PBXProject section */
		661AC0621BE0A10900DCBFAA /* Project object */ = {
			isa = PBXProject;
			attributes = {
				LastUpgradeCheck = 0700;
				ORGANIZATIONNAME = QuickCompany;
				TargetAttributes = {
					661AC0691BE0A10900DCBFAA = {
						CreatedOnToolsVersion = 7.0;
						DevelopmentTeam = 289853W2FE;
						SystemCapabilities = {
							com.apple.BackgroundModes = {
								enabled = 1;
							};
						};
					};
				};
			};
			buildConfigurationList = 661AC0651BE0A10900DCBFAA /* Build configuration list for PBXProject "QuickUnifyPlatformDemo" */;
			compatibilityVersion = "Xcode 3.2";
			developmentRegion = English;
			hasScannedForEncodings = 0;
			knownRegions = (
				en,
				Base,
			);
			mainGroup = 661AC0611BE0A10900DCBFAA;
			productRefGroup = 661AC06B1BE0A10900DCBFAA /* Products */;
			projectDirPath = "";
			projectRoot = "";
			targets = (
				661AC0691BE0A10900DCBFAA /* QuickUnifyPlatformDemo */,
			);
		};
/* End PBXProject section */

/* Begin PBXResourcesBuildPhase section */
		661AC0681BE0A10900DCBFAA /* Resources */ = {
			isa = PBXResourcesBuildPhase;
			buildActionMask = 2147483647;
			files = (
				628443161BFB2824001A079F /* Icon3.png in Resources */,
				628443141BFB2824001A079F /* Icon1.png in Resources */,
				628443151BFB2824001A079F /* Icon2.png in Resources */,
				661AC38D1BE0A12400DCBFAA /* Images.xcassets in Resources */,
				664FB2BA1BE72BD90017FD50 /* QuickManifest.plist in Resources */,
				661AC3901BE0A12400DCBFAA /* Main.storyboard in Resources */,
				628443171BFB2824001A079F /* Icon4.png in Resources */,
				661AC38E1BE0A12400DCBFAA /* LaunchScreen.xib in Resources */,
				664FB2C31BE72BD90017FD50 /* NdComPlatform_SNS_Resources.bundle in Resources */,
			);
			runOnlyForDeploymentPostprocessing = 0;
		};
/* End PBXResourcesBuildPhase section */

/* Begin PBXSourcesBuildPhase section */
		661AC0661BE0A10900DCBFAA /* Sources */ = {
			isa = PBXSourcesBuildPhase;
			buildActionMask = 2147483647;
			files = (
				661AC38C1BE0A12400DCBFAA /* AppDelegate.m in Sources */,
				661AC38F1BE0A12400DCBFAA /* main.m in Sources */,
				661AC3911BE0A12400DCBFAA /* ViewController.m in Sources */,
			);
			runOnlyForDeploymentPostprocessing = 0;
		};
/* End PBXSourcesBuildPhase section */

/* Begin XCBuildConfiguration section */
		661AC07F1BE0A10900DCBFAA /* Debug */ = {
			isa = XCBuildConfiguration;
			buildSettings = {
				ALWAYS_SEARCH_USER_PATHS = NO;
				CLANG_CXX_LANGUAGE_STANDARD = "gnu++0x";
				CLANG_CXX_LIBRARY = "libc++";
				CLANG_ENABLE_MODULES = YES;
				CLANG_ENABLE_OBJC_ARC = YES;
				CLANG_WARN_BOOL_CONVERSION = YES;
				CLANG_WARN_CONSTANT_CONVERSION = YES;
				CLANG_WARN_DIRECT_OBJC_ISA_USAGE = YES_ERROR;
				CLANG_WARN_EMPTY_BODY = YES;
				CLANG_WARN_ENUM_CONVERSION = YES;
				CLANG_WARN_INT_CONVERSION = YES;
				CLANG_WARN_OBJC_ROOT_CLASS = YES_ERROR;
				CLANG_WARN_UNREACHABLE_CODE = YES;
				CLANG_WARN__DUPLICATE_METHOD_MATCH = YES;
				"CODE_SIGN_IDENTITY[sdk=iphoneos*]" = "iPhone Developer";
				COPY_PHASE_STRIP = NO;
				DEBUG_INFORMATION_FORMAT = dwarf;
				ENABLE_STRICT_OBJC_MSGSEND = YES;
				ENABLE_TESTABILITY = YES;
				GCC_C_LANGUAGE_STANDARD = gnu99;
				GCC_DYNAMIC_NO_PIC = NO;
				GCC_NO_COMMON_BLOCKS = YES;
				GCC_OPTIMIZATION_LEVEL = 0;
				GCC_PREPROCESSOR_DEFINITIONS = (
					"DEBUG=1",
					"$(inherited)",
				);
				GCC_WARN_64_TO_32_BIT_CONVERSION = YES;
				GCC_WARN_ABOUT_RETURN_TYPE = YES_ERROR;
				GCC_WARN_UNDECLARED_SELECTOR = YES;
				GCC_WARN_UNINITIALIZED_AUTOS = YES_AGGRESSIVE;
				GCC_WARN_UNUSED_FUNCTION = YES;
				GCC_WARN_UNUSED_VARIABLE = YES;
				IPHONEOS_DEPLOYMENT_TARGET = 9.0;
				MTL_ENABLE_DEBUG_INFO = YES;
				ONLY_ACTIVE_ARCH = YES;
				SDKROOT = iphoneos;
				TARGETED_DEVICE_FAMILY = "1,2";
			};
			name = Debug;
		};
		661AC0801BE0A10900DCBFAA /* Release */ = {
			isa = XCBuildConfiguration;
			buildSettings = {
				ALWAYS_SEARCH_USER_PATHS = NO;
				CLANG_CXX_LANGUAGE_STANDARD = "gnu++0x";
				CLANG_CXX_LIBRARY = "libc++";
				CLANG_ENABLE_MODULES = YES;
				CLANG_ENABLE_OBJC_ARC = YES;
				CLANG_WARN_BOOL_CONVERSION = YES;
				CLANG_WARN_CONSTANT_CONVERSION = YES;
				CLANG_WARN_DIRECT_OBJC_ISA_USAGE = YES_ERROR;
				CLANG_WARN_EMPTY_BODY = YES;
				CLANG_WARN_ENUM_CONVERSION = YES;
				CLANG_WARN_INT_CONVERSION = YES;
				CLANG_WARN_OBJC_ROOT_CLASS = YES_ERROR;
				CLANG_WARN_UNREACHABLE_CODE = YES;
				CLANG_WARN__DUPLICATE_METHOD_MATCH = YES;
				"CODE_SIGN_IDENTITY[sdk=iphoneos*]" = "iPhone Developer";
				COPY_PHASE_STRIP = NO;
				DEBUG_INFORMATION_FORMAT = "dwarf-with-dsym";
				ENABLE_NS_ASSERTIONS = NO;
				ENABLE_STRICT_OBJC_MSGSEND = YES;
				GCC_C_LANGUAGE_STANDARD = gnu99;
				GCC_NO_COMMON_BLOCKS = YES;
				GCC_WARN_64_TO_32_BIT_CONVERSION = YES;
				GCC_WARN_ABOUT_RETURN_TYPE = YES_ERROR;
				GCC_WARN_UNDECLARED_SELECTOR = YES;
				GCC_WARN_UNINITIALIZED_AUTOS = YES_AGGRESSIVE;
				GCC_WARN_UNUSED_FUNCTION = YES;
				GCC_WARN_UNUSED_VARIABLE = YES;
				IPHONEOS_DEPLOYMENT_TARGET = 9.0;
				MTL_ENABLE_DEBUG_INFO = NO;
				SDKROOT = iphoneos;
				TARGETED_DEVICE_FAMILY = "1,2";
				VALIDATE_PRODUCT = YES;
			};
			name = Release;
		};
		661AC0821BE0A10900DCBFAA /* Debug */ = {
			isa = XCBuildConfiguration;
			buildSettings = {
				ASSETCATALOG_COMPILER_APPICON_NAME = AppIcon;
				ASSETCATALOG_COMPILER_LAUNCHIMAGE_NAME = LaunchImage;
				CODE_SIGN_IDENTITY = "iPhone Developer: junfeng lu (LYHH2EXUZ3)";
				"CODE_SIGN_IDENTITY[sdk=iphoneos*]" = "iPhone Developer: junfeng lu (LYHH2EXUZ3)";
				ENABLE_BITCODE = NO;
				FRAMEWORK_SEARCH_PATHS = (
					"$(inherited)",
					"$(SRCROOT)/../../../Common/SDK/Platform/BAIDUSDK/SYFramework",
					"$(SRCROOT)/../../../Common/SDK/Platform/BAIDUSDK/SDKSource/SDKFinal/framework5",
					"$(SRCROOT)/../../../Common/SDK/Platform/BAIDUSDK/SDKSource/SDKFinal/framework5/framework",
				);
				INFOPLIST_FILE = QuickUnifyPlatformDemo/Info.plist;
				IPHONEOS_DEPLOYMENT_TARGET = 6.0;
				LD_RUNPATH_SEARCH_PATHS = "$(inherited) @executable_path/Frameworks";
				ONLY_ACTIVE_ARCH = NO;
				OTHER_LDFLAGS = "-ObjC";
				PRODUCT_BUNDLE_IDENTIFIER = com.juedifanji.baidu91;
				PRODUCT_NAME = "$(TARGET_NAME)";
				PROVISIONING_PROFILE = "c86b3434-50fb-4c5a-877a-b29a60f6f875";
				VALID_ARCHS = "armv7 armv7s";
			};
			name = Debug;
		};
		661AC0831BE0A10900DCBFAA /* Release */ = {
			isa = XCBuildConfiguration;
			buildSettings = {
				ASSETCATALOG_COMPILER_APPICON_NAME = AppIcon;
				ASSETCATALOG_COMPILER_LAUNCHIMAGE_NAME = LaunchImage;
				CODE_SIGN_IDENTITY = "iPhone Developer: junfeng lu (LYHH2EXUZ3)";
				"CODE_SIGN_IDENTITY[sdk=iphoneos*]" = "iPhone Developer: junfeng lu (LYHH2EXUZ3)";
				ENABLE_BITCODE = NO;
				FRAMEWORK_SEARCH_PATHS = (
					"$(inherited)",
					"$(SRCROOT)/../../../Common/SDK/Platform/BAIDUSDK/SYFramework",
					"$(SRCROOT)/../../../Common/SDK/Platform/BAIDUSDK/SDKSource/SDKFinal/framework5",
					"$(SRCROOT)/../../../Common/SDK/Platform/BAIDUSDK/SDKSource/SDKFinal/framework5/framework",
				);
				INFOPLIST_FILE = QuickUnifyPlatformDemo/Info.plist;
				IPHONEOS_DEPLOYMENT_TARGET = 6.0;
				LD_RUNPATH_SEARCH_PATHS = "$(inherited) @executable_path/Frameworks";
				OTHER_LDFLAGS = "-ObjC";
				PRODUCT_BUNDLE_IDENTIFIER = com.juedifanji.baidu91;
				PRODUCT_NAME = "$(TARGET_NAME)";
				PROVISIONING_PROFILE = "c86b3434-50fb-4c5a-877a-b29a60f6f875";
				VALID_ARCHS = "armv7 armv7s";
			};
			name = Release;
		};
/* End XCBuildConfiguration section */

/* Begin XCConfigurationList section */
		661AC0651BE0A10900DCBFAA /* Build configuration list for PBXProject "QuickUnifyPlatformDemo" */ = {
			isa = XCConfigurationList;
			buildConfigurations = (
				661AC07F1BE0A10900DCBFAA /* Debug */,
				661AC0801BE0A10900DCBFAA /* Release */,
			);
			defaultConfigurationIsVisible = 0;
			defaultConfigurationName = Release;
		};
		661AC0811BE0A10900DCBFAA /* Build configuration list for PBXNativeTarget "QuickUnifyPlatformDemo" */ = {
			isa = XCConfigurationList;
			buildConfigurations = (
				661AC0821BE0A10900DCBFAA /* Debug */,
				661AC0831BE0A10900DCBFAA /* Release */,
			);
			defaultConfigurationIsVisible = 0;
			defaultConfigurationName = Release;
		};
/* End XCConfigurationList section */
	};
	rootObject = 661AC0621BE0A10900DCBFAA /* Project object */;
}
